
Microsoft Visual Studio Solution File, Format Version 12.00
# Visual Studio Version 17
VisualStudioVersion = 17.0.31912.275
MinimumVisualStudioVersion = 10.0.40219.1
Project("{9A19103F-16F7-4668-BE54-9A1E7A4F7556}") = "AcademyF_Calcolatrice.ConsoleApp", "AcademyF_Calcolatrice.ConsoleApp\AcademyF_Calcolatrice.ConsoleApp.csproj", "{B9567349-C00E-4BE2-AC81-F190AE88E92B}"
EndProject
Project("{9A19103F-16F7-4668-BE54-9A1E7A4F7556}") = "AcademyF_Calcolatrice.Core", "AcademyF_Calcolatrice.Core\AcademyF_Calcolatrice.Core.csproj", "{A2FCD062-EDF0-4EB9-BF29-88EC945E0A28}"
EndProject
Project("{9A19103F-16F7-4668-BE54-9A1E7A4F7556}") = "AcademyF_Calcolatrice.Tests", "AcademyF_Calcolatrice.Tests\AcademyF_Calcolatrice.Tests.csproj", "{B1C1231D-C186-46E4-9BEE-670F9AC0C8CE}"
EndProject
Project("{9A19103F-16F7-4668-BE54-9A1E7A4F7556}") = "AcademyF_Calcolatrice.WinForm", "AcademyF_Calcolatrice.WinForm\AcademyF_Calcolatrice.WinForm.csproj", "{AFEAB74A-7F38-4226-8325-3270465129DA}"
EndProject
Project("{FAE04EC0-301F-11D3-BF4B-00C04F79EFBC}") = "AcademyF_Calcolatrice.WpfApp", "AcademyF_Calcolatrice.WpfApp\AcademyF_Calcolatrice.WpfApp.csproj", "{339459A4-4877-4314-B4E3-F8ADE57BBD4E}"
EndProject
Global
	GlobalSection(SolutionConfigurationPlatforms) = preSolution
		Debug|Any CPU = Debug|Any CPU
		Release|Any CPU = Release|Any CPU
	EndGlobalSection
	GlobalSection(ProjectConfigurationPlatforms) = postSolution
		{B9567349-C00E-4BE2-AC81-F190AE88E92B}.Debug|Any CPU.ActiveCfg = Debug|Any CPU
		{B9567349-C00E-4BE2-AC81-F190AE88E92B}.Debug|Any CPU.Build.0 = Debug|Any CPU
		{B9567349-C00E-4BE2-AC81-F190AE88E92B}.Release|Any CPU.ActiveCfg = Release|Any CPU
		{B9567349-C00E-4BE2-AC81-F190AE88E92B}.Release|Any CPU.Build.0 = Release|Any CPU
		{A2FCD062-EDF0-4EB9-BF29-88EC945E0A28}.Debug|Any CPU.ActiveCfg = Debug|Any CPU
		{A2FCD062-EDF0-4EB9-BF29-88EC945E0A28}.Debug|Any CPU.Build.0 = Debug|Any CPU
		{A2FCD062-EDF0-4EB9-BF29-88EC945E0A28}.Release|Any CPU.ActiveCfg = Release|Any CPU
		{A2FCD062-EDF0-4EB9-BF29-88EC945E0A28}.Release|Any CPU.Build.0 = Release|Any CPU
		{B1C1231D-C186-46E4-9BEE-670F9AC0C8CE}.Debug|Any CPU.ActiveCfg = Debug|Any CPU
		{B1C1231D-C186-46E4-9BEE-670F9AC0C8CE}.Debug|Any CPU.Build.0 = Debug|Any CPU
		{B1C1231D-C186-46E4-9BEE-670F9AC0C8CE}.Release|Any CPU.ActiveCfg = Release|Any CPU
		{B1C1231D-C186-46E4-9BEE-670F9AC0C8CE}.Release|Any CPU.Build.0 = Release|Any CPU
		{AFEAB74A-7F38-4226-8325-3270465129DA}.Debug|Any CPU.ActiveCfg = Debug|Any CPU
		{AFEAB74A-7F38-4226-8325-3270465129DA}.Debug|Any CPU.Build.0 = Debug|Any CPU
		{AFEAB74A-7F38-4226-8325-3270465129DA}.Release|Any CPU.ActiveCfg = Release|Any CPU
		{AFEAB74A-7F38-4226-8325-3270465129DA}.Release|Any CPU.Build.0 = Release|Any CPU
		{339459A4-4877-4314-B4E3-F8ADE57BBD4E}.Debug|Any CPU.ActiveCfg = Debug|Any CPU
		{339459A4-4877-4314-B4E3-F8ADE57BBD4E}.Debug|Any CPU.Build.0 = Debug|Any CPU
		{339459A4-4877-4314-B4E3-F8ADE57BBD4E}.Release|Any CPU.ActiveCfg = Release|Any CPU
		{339459A4-4877-4314-B4E3-F8ADE57BBD4E}.Release|Any CPU.Build.0 = Release|Any CPU
	EndGlobalSection
	GlobalSection(SolutionProperties) = preSolution
		HideSolutionNode = FALSE
	EndGlobalSection
	GlobalSection(ExtensibilityGlobals) = postSolution
		SolutionGuid = {EA38E10C-8AC8-46B2-BF41-3E03F9E73D5D}
	EndGlobalSection
EndGlobal
